// !$*UTF8*$!
{
	archiveVersion = 1;
	classes = {
	};
	objectVersion = 50;
	objects = {

/* Begin PBXBuildFile section */
		190804E224950D6400A46E63 /* NiveisTableViewCell.swift in Sources */ = {isa = PBXBuildFile; fileRef = 190804E124950D6400A46E63 /* NiveisTableViewCell.swift */; };
		190804E4249510C900A46E63 /* CardMenorTableViewCell.swift in Sources */ = {isa = PBXBuildFile; fileRef = 190804E3249510C900A46E63 /* CardMenorTableViewCell.swift */; };
		190804E62495302200A46E63 /* CardMenorCollectionViewCell.swift in Sources */ = {isa = PBXBuildFile; fileRef = 190804E52495302200A46E63 /* CardMenorCollectionViewCell.swift */; };
		190804E82495317900A46E63 /* CardMaiorCollectionViewCell.swift in Sources */ = {isa = PBXBuildFile; fileRef = 190804E72495317900A46E63 /* CardMaiorCollectionViewCell.swift */; };
		190804EA249531AF00A46E63 /* CardMaiorTableViewCell.swift in Sources */ = {isa = PBXBuildFile; fileRef = 190804E9249531AF00A46E63 /* CardMaiorTableViewCell.swift */; };
		194F77D624944C4D003980CE /* JornadaTableViewController.swift in Sources */ = {isa = PBXBuildFile; fileRef = 194F77D524944C4D003980CE /* JornadaTableViewController.swift */; };
		194F77D824944DC3003980CE /* AlertaTableViewCell.swift in Sources */ = {isa = PBXBuildFile; fileRef = 194F77D724944DC3003980CE /* AlertaTableViewCell.swift */; };
		194F77DA24944E7A003980CE /* AlertaTableViewCell.xib in Resources */ = {isa = PBXBuildFile; fileRef = 194F77D924944E7A003980CE /* AlertaTableViewCell.xib */; };
		195D797624925ECE00B585DC /* ConquistasViewController.swift in Sources */ = {isa = PBXBuildFile; fileRef = 195D797524925ECE00B585DC /* ConquistasViewController.swift */; };
		198A6811248EC010006B5FCB /* AppDelegate.swift in Sources */ = {isa = PBXBuildFile; fileRef = 198A6810248EC010006B5FCB /* AppDelegate.swift */; };
		198A6813248EC010006B5FCB /* SceneDelegate.swift in Sources */ = {isa = PBXBuildFile; fileRef = 198A6812248EC010006B5FCB /* SceneDelegate.swift */; };
		198A681A248EC017006B5FCB /* Assets.xcassets in Resources */ = {isa = PBXBuildFile; fileRef = 198A6819248EC017006B5FCB /* Assets.xcassets */; };
		198A681D248EC017006B5FCB /* LaunchScreen.storyboard in Resources */ = {isa = PBXBuildFile; fileRef = 198A681B248EC017006B5FCB /* LaunchScreen.storyboard */; };
		198A6828248EC017006B5FCB /* ChallengePuttingAllTogetherTests.swift in Sources */ = {isa = PBXBuildFile; fileRef = 198A6827248EC017006B5FCB /* ChallengePuttingAllTogetherTests.swift */; };
		198A6833248EC017006B5FCB /* ChallengePuttingAllTogetherUITests.swift in Sources */ = {isa = PBXBuildFile; fileRef = 198A6832248EC017006B5FCB /* ChallengePuttingAllTogetherUITests.swift */; };
		198A6844248EC3C8006B5FCB /* TabBar.storyboard in Resources */ = {isa = PBXBuildFile; fileRef = 198A6843248EC3C8006B5FCB /* TabBar.storyboard */; };
		198A6846248EC403006B5FCB /* Jornada.storyboard in Resources */ = {isa = PBXBuildFile; fileRef = 198A6845248EC403006B5FCB /* Jornada.storyboard */; };
		198A6848248EC45A006B5FCB /* Conquistas.storyboard in Resources */ = {isa = PBXBuildFile; fileRef = 198A6847248EC459006B5FCB /* Conquistas.storyboard */; };
		199EF95E2493BC7F00E6D720 /* CardMenorCollectionViewCell.xib in Resources */ = {isa = PBXBuildFile; fileRef = 199EF95D2493BC7F00E6D720 /* CardMenorCollectionViewCell.xib */; };
		199EF9642494065C00E6D720 /* CardMaiorCollectionViewCell.xib in Resources */ = {isa = PBXBuildFile; fileRef = 199EF9632494065C00E6D720 /* CardMaiorCollectionViewCell.xib */; };
		199EF96A24941C3F00E6D720 /* NiveisTableViewCell.xib in Resources */ = {isa = PBXBuildFile; fileRef = 199EF96924941C3F00E6D720 /* NiveisTableViewCell.xib */; };
		19B5DA6924912037006CF0FE /* ConquistasModel.swift in Sources */ = {isa = PBXBuildFile; fileRef = 19B5DA6824912037006CF0FE /* ConquistasModel.swift */; };
		19B5DA70249160EA006CF0FE /* ConquistasCollectionViewCell.swift in Sources */ = {isa = PBXBuildFile; fileRef = 19B5DA6F249160EA006CF0FE /* ConquistasCollectionViewCell.swift */; };
		19CB3D3524979EE300F8FB77 /* VerTodos.storyboard in Resources */ = {isa = PBXBuildFile; fileRef = 19CB3D3424979EE300F8FB77 /* VerTodos.storyboard */; };
		19CB3D3724979F3B00F8FB77 /* VerTodosCollectionViewController.swift in Sources */ = {isa = PBXBuildFile; fileRef = 19CB3D3624979F3B00F8FB77 /* VerTodosCollectionViewController.swift */; };
		2722DE2C24997DD500E8E173 /* RecipePageViewController.swift in Sources */ = {isa = PBXBuildFile; fileRef = 2722DE2B24997DD400E8E173 /* RecipePageViewController.swift */; };
		2722DE2E249A86CA00E8E173 /* Pontuation.swift in Sources */ = {isa = PBXBuildFile; fileRef = 2722DE2D249A86CA00E8E173 /* Pontuation.swift */; };
		272C7FCF2497A524009313B2 /* IngredientsRecipeScreen.storyboard in Resources */ = {isa = PBXBuildFile; fileRef = 272C7FCE2497A524009313B2 /* IngredientsRecipeScreen.storyboard */; };
		272C7FD12497A92C009313B2 /* IngredientsRecipeController.swift in Sources */ = {isa = PBXBuildFile; fileRef = 272C7FD02497A92C009313B2 /* IngredientsRecipeController.swift */; };
		272C7FD32497ADEC009313B2 /* ImageDescriptionCell.swift in Sources */ = {isa = PBXBuildFile; fileRef = 272C7FD22497ADEC009313B2 /* ImageDescriptionCell.swift */; };
		27B981852497B3CB003073B4 /* IngredientsTableViewController.swift in Sources */ = {isa = PBXBuildFile; fileRef = 27B981842497B3CB003073B4 /* IngredientsTableViewController.swift */; };
		27BB99F02497BCC300907B43 /* Ingredient.swift in Sources */ = {isa = PBXBuildFile; fileRef = 27BB99EF2497BCC300907B43 /* Ingredient.swift */; };
		27C227E92491104700657E10 /* Recipe.swift in Sources */ = {isa = PBXBuildFile; fileRef = 27C227E82491104700657E10 /* Recipe.swift */; };
		27C227EB2491132000657E10 /* Page.swift in Sources */ = {isa = PBXBuildFile; fileRef = 27C227EA2491132000657E10 /* Page.swift */; };
		27C227ED2491168E00657E10 /* RecipeScreen.storyboard in Resources */ = {isa = PBXBuildFile; fileRef = 27C227EC2491168E00657E10 /* RecipeScreen.storyboard */; };
		27C227F524926E2400657E10 /* RecipePageExtension.swift in Sources */ = {isa = PBXBuildFile; fileRef = 27C227F424926E2400657E10 /* RecipePageExtension.swift */; };
		27EA9F1C2493B7B1001CF006 /* Chronometer.xib in Resources */ = {isa = PBXBuildFile; fileRef = 27EA9F1B2493B7B1001CF006 /* Chronometer.xib */; };
		27EA9F1E2493BC9A001CF006 /* ChronometerView.swift in Sources */ = {isa = PBXBuildFile; fileRef = 27EA9F1D2493BC9A001CF006 /* ChronometerView.swift */; };
		27EA9F202493BF06001CF006 /* RecipePagesCreation.swift in Sources */ = {isa = PBXBuildFile; fileRef = 27EA9F1F2493BF06001CF006 /* RecipePagesCreation.swift */; };
		D757BDE72491101300E85FCC /* Modulo.storyboard in Resources */ = {isa = PBXBuildFile; fileRef = D757BDE62491101300E85FCC /* Modulo.storyboard */; };
		D757BDE92491113900E85FCC /* ModuloViewController.swift in Sources */ = {isa = PBXBuildFile; fileRef = D757BDE82491113900E85FCC /* ModuloViewController.swift */; };
		D757BDEB2491174A00E85FCC /* Modulo.swift in Sources */ = {isa = PBXBuildFile; fileRef = D757BDEA2491174A00E85FCC /* Modulo.swift */; };
		D757BDED24911F0100E85FCC /* Preparacao.xib in Resources */ = {isa = PBXBuildFile; fileRef = D757BDEC24911F0100E85FCC /* Preparacao.xib */; };
		D757BDEF2491704A00E85FCC /* PreparacaoCollectionViewCell.swift in Sources */ = {isa = PBXBuildFile; fileRef = D757BDEE2491704A00E85FCC /* PreparacaoCollectionViewCell.swift */; };
		D757BDF124917A1A00E85FCC /* PrepCard.swift in Sources */ = {isa = PBXBuildFile; fileRef = D757BDF024917A1A00E85FCC /* PrepCard.swift */; };
		D757BDF52493C2FE00E85FCC /* ReceitaModuloTableViewCell.swift in Sources */ = {isa = PBXBuildFile; fileRef = D757BDF42493C2FE00E85FCC /* ReceitaModuloTableViewCell.swift */; };
		D757BDF72497A16300E85FCC /* SectionPreparacaoTableViewCell.swift in Sources */ = {isa = PBXBuildFile; fileRef = D757BDF62497A16300E85FCC /* SectionPreparacaoTableViewCell.swift */; };
		D757BDFD249906B200E85FCC /* SectionReceita.xib in Resources */ = {isa = PBXBuildFile; fileRef = D757BDFC249906B200E85FCC /* SectionReceita.xib */; };
		D757BDFF2499089900E85FCC /* SectionReceitaTableViewCell.swift in Sources */ = {isa = PBXBuildFile; fileRef = D757BDFE2499089900E85FCC /* SectionReceitaTableViewCell.swift */; };
		D757BE03249A532B00E85FCC /* Colors.swift in Sources */ = {isa = PBXBuildFile; fileRef = D757BE02249A532B00E85FCC /* Colors.swift */; };
		D757BE07249BEE3800E85FCC /* Font.swift in Sources */ = {isa = PBXBuildFile; fileRef = D757BE06249BEE3800E85FCC /* Font.swift */; };
		D757BE09249BF78900E85FCC /* SectionPreparacaoCell.xib in Resources */ = {isa = PBXBuildFile; fileRef = D757BE08249BF78800E85FCC /* SectionPreparacaoCell.xib */; };
		D757BE0B249C037100E85FCC /* receitaModuloCell.xib in Resources */ = {isa = PBXBuildFile; fileRef = D757BE0A249C037100E85FCC /* receitaModuloCell.xib */; };
/* End PBXBuildFile section */

/* Begin PBXContainerItemProxy section */
		198A6824248EC017006B5FCB /* PBXContainerItemProxy */ = {
			isa = PBXContainerItemProxy;
			containerPortal = 198A6805248EC010006B5FCB /* Project object */;
			proxyType = 1;
			remoteGlobalIDString = 198A680C248EC010006B5FCB;
			remoteInfo = ChallengePuttingAllTogether;
		};
		198A682F248EC017006B5FCB /* PBXContainerItemProxy */ = {
			isa = PBXContainerItemProxy;
			containerPortal = 198A6805248EC010006B5FCB /* Project object */;
			proxyType = 1;
			remoteGlobalIDString = 198A680C248EC010006B5FCB;
			remoteInfo = ChallengePuttingAllTogether;
		};
/* End PBXContainerItemProxy section */

/* Begin PBXFileReference section */
		190804E124950D6400A46E63 /* NiveisTableViewCell.swift */ = {isa = PBXFileReference; lastKnownFileType = sourcecode.swift; path = NiveisTableViewCell.swift; sourceTree = "<group>"; };
		190804E3249510C900A46E63 /* CardMenorTableViewCell.swift */ = {isa = PBXFileReference; lastKnownFileType = sourcecode.swift; path = CardMenorTableViewCell.swift; sourceTree = "<group>"; };
		190804E52495302200A46E63 /* CardMenorCollectionViewCell.swift */ = {isa = PBXFileReference; lastKnownFileType = sourcecode.swift; path = CardMenorCollectionViewCell.swift; sourceTree = "<group>"; };
		190804E72495317900A46E63 /* CardMaiorCollectionViewCell.swift */ = {isa = PBXFileReference; lastKnownFileType = sourcecode.swift; path = CardMaiorCollectionViewCell.swift; sourceTree = "<group>"; };
		190804E9249531AF00A46E63 /* CardMaiorTableViewCell.swift */ = {isa = PBXFileReference; lastKnownFileType = sourcecode.swift; path = CardMaiorTableViewCell.swift; sourceTree = "<group>"; };
		194F77D524944C4D003980CE /* JornadaTableViewController.swift */ = {isa = PBXFileReference; lastKnownFileType = sourcecode.swift; path = JornadaTableViewController.swift; sourceTree = "<group>"; };
		194F77D724944DC3003980CE /* AlertaTableViewCell.swift */ = {isa = PBXFileReference; lastKnownFileType = sourcecode.swift; path = AlertaTableViewCell.swift; sourceTree = "<group>"; };
		194F77D924944E7A003980CE /* AlertaTableViewCell.xib */ = {isa = PBXFileReference; lastKnownFileType = file.xib; path = AlertaTableViewCell.xib; sourceTree = "<group>"; };
		195D797524925ECE00B585DC /* ConquistasViewController.swift */ = {isa = PBXFileReference; lastKnownFileType = sourcecode.swift; path = ConquistasViewController.swift; sourceTree = "<group>"; };
		198A680D248EC010006B5FCB /* ChallengePuttingAllTogether.app */ = {isa = PBXFileReference; explicitFileType = wrapper.application; includeInIndex = 0; path = ChallengePuttingAllTogether.app; sourceTree = BUILT_PRODUCTS_DIR; };
		198A6810248EC010006B5FCB /* AppDelegate.swift */ = {isa = PBXFileReference; lastKnownFileType = sourcecode.swift; path = AppDelegate.swift; sourceTree = "<group>"; };
		198A6812248EC010006B5FCB /* SceneDelegate.swift */ = {isa = PBXFileReference; lastKnownFileType = sourcecode.swift; path = SceneDelegate.swift; sourceTree = "<group>"; };
		198A6819248EC017006B5FCB /* Assets.xcassets */ = {isa = PBXFileReference; lastKnownFileType = folder.assetcatalog; path = Assets.xcassets; sourceTree = "<group>"; };
		198A681C248EC017006B5FCB /* Base */ = {isa = PBXFileReference; lastKnownFileType = file.storyboard; name = Base; path = Base.lproj/LaunchScreen.storyboard; sourceTree = "<group>"; };
		198A681E248EC017006B5FCB /* Info.plist */ = {isa = PBXFileReference; lastKnownFileType = text.plist.xml; path = Info.plist; sourceTree = "<group>"; };
		198A6823248EC017006B5FCB /* ChallengePuttingAllTogetherTests.xctest */ = {isa = PBXFileReference; explicitFileType = wrapper.cfbundle; includeInIndex = 0; path = ChallengePuttingAllTogetherTests.xctest; sourceTree = BUILT_PRODUCTS_DIR; };
		198A6827248EC017006B5FCB /* ChallengePuttingAllTogetherTests.swift */ = {isa = PBXFileReference; lastKnownFileType = sourcecode.swift; path = ChallengePuttingAllTogetherTests.swift; sourceTree = "<group>"; };
		198A6829248EC017006B5FCB /* Info.plist */ = {isa = PBXFileReference; lastKnownFileType = text.plist.xml; path = Info.plist; sourceTree = "<group>"; };
		198A682E248EC017006B5FCB /* ChallengePuttingAllTogetherUITests.xctest */ = {isa = PBXFileReference; explicitFileType = wrapper.cfbundle; includeInIndex = 0; path = ChallengePuttingAllTogetherUITests.xctest; sourceTree = BUILT_PRODUCTS_DIR; };
		198A6832248EC017006B5FCB /* ChallengePuttingAllTogetherUITests.swift */ = {isa = PBXFileReference; lastKnownFileType = sourcecode.swift; path = ChallengePuttingAllTogetherUITests.swift; sourceTree = "<group>"; };
		198A6834248EC017006B5FCB /* Info.plist */ = {isa = PBXFileReference; lastKnownFileType = text.plist.xml; path = Info.plist; sourceTree = "<group>"; };
		198A6843248EC3C8006B5FCB /* TabBar.storyboard */ = {isa = PBXFileReference; lastKnownFileType = file.storyboard; path = TabBar.storyboard; sourceTree = "<group>"; };
		198A6845248EC403006B5FCB /* Jornada.storyboard */ = {isa = PBXFileReference; lastKnownFileType = file.storyboard; path = Jornada.storyboard; sourceTree = "<group>"; };
		198A6847248EC459006B5FCB /* Conquistas.storyboard */ = {isa = PBXFileReference; lastKnownFileType = file.storyboard; path = Conquistas.storyboard; sourceTree = "<group>"; };
		199EF95D2493BC7F00E6D720 /* CardMenorCollectionViewCell.xib */ = {isa = PBXFileReference; lastKnownFileType = file.xib; path = CardMenorCollectionViewCell.xib; sourceTree = "<group>"; };
		199EF9632494065C00E6D720 /* CardMaiorCollectionViewCell.xib */ = {isa = PBXFileReference; lastKnownFileType = file.xib; path = CardMaiorCollectionViewCell.xib; sourceTree = "<group>"; };
		199EF96924941C3F00E6D720 /* NiveisTableViewCell.xib */ = {isa = PBXFileReference; lastKnownFileType = file.xib; path = NiveisTableViewCell.xib; sourceTree = "<group>"; };
		19B5DA6824912037006CF0FE /* ConquistasModel.swift */ = {isa = PBXFileReference; lastKnownFileType = sourcecode.swift; path = ConquistasModel.swift; sourceTree = "<group>"; };
		19B5DA6F249160EA006CF0FE /* ConquistasCollectionViewCell.swift */ = {isa = PBXFileReference; lastKnownFileType = sourcecode.swift; path = ConquistasCollectionViewCell.swift; sourceTree = "<group>"; };
		19CB3D3424979EE300F8FB77 /* VerTodos.storyboard */ = {isa = PBXFileReference; lastKnownFileType = file.storyboard; path = VerTodos.storyboard; sourceTree = "<group>"; };
		19CB3D3624979F3B00F8FB77 /* VerTodosCollectionViewController.swift */ = {isa = PBXFileReference; lastKnownFileType = sourcecode.swift; path = VerTodosCollectionViewController.swift; sourceTree = "<group>"; };
		2722DE2B24997DD400E8E173 /* RecipePageViewController.swift */ = {isa = PBXFileReference; fileEncoding = 4; lastKnownFileType = sourcecode.swift; path = RecipePageViewController.swift; sourceTree = "<group>"; };
		2722DE2D249A86CA00E8E173 /* Pontuation.swift */ = {isa = PBXFileReference; lastKnownFileType = sourcecode.swift; path = Pontuation.swift; sourceTree = "<group>"; };
		272C7FCE2497A524009313B2 /* IngredientsRecipeScreen.storyboard */ = {isa = PBXFileReference; lastKnownFileType = file.storyboard; path = IngredientsRecipeScreen.storyboard; sourceTree = "<group>"; };
		272C7FD02497A92C009313B2 /* IngredientsRecipeController.swift */ = {isa = PBXFileReference; lastKnownFileType = sourcecode.swift; path = IngredientsRecipeController.swift; sourceTree = "<group>"; };
		272C7FD22497ADEC009313B2 /* ImageDescriptionCell.swift */ = {isa = PBXFileReference; lastKnownFileType = sourcecode.swift; path = ImageDescriptionCell.swift; sourceTree = "<group>"; };
		27B981842497B3CB003073B4 /* IngredientsTableViewController.swift */ = {isa = PBXFileReference; lastKnownFileType = sourcecode.swift; path = IngredientsTableViewController.swift; sourceTree = "<group>"; };
		27BB99EF2497BCC300907B43 /* Ingredient.swift */ = {isa = PBXFileReference; lastKnownFileType = sourcecode.swift; path = Ingredient.swift; sourceTree = "<group>"; };
		27C227E82491104700657E10 /* Recipe.swift */ = {isa = PBXFileReference; lastKnownFileType = sourcecode.swift; path = Recipe.swift; sourceTree = "<group>"; };
		27C227EA2491132000657E10 /* Page.swift */ = {isa = PBXFileReference; lastKnownFileType = sourcecode.swift; path = Page.swift; sourceTree = "<group>"; };
		27C227EC2491168E00657E10 /* RecipeScreen.storyboard */ = {isa = PBXFileReference; lastKnownFileType = file.storyboard; path = RecipeScreen.storyboard; sourceTree = "<group>"; };
		27C227F424926E2400657E10 /* RecipePageExtension.swift */ = {isa = PBXFileReference; lastKnownFileType = sourcecode.swift; path = RecipePageExtension.swift; sourceTree = "<group>"; };
		27EA9F1B2493B7B1001CF006 /* Chronometer.xib */ = {isa = PBXFileReference; lastKnownFileType = file.xib; path = Chronometer.xib; sourceTree = "<group>"; };
		27EA9F1D2493BC9A001CF006 /* ChronometerView.swift */ = {isa = PBXFileReference; lastKnownFileType = sourcecode.swift; path = ChronometerView.swift; sourceTree = "<group>"; };
		27EA9F1F2493BF06001CF006 /* RecipePagesCreation.swift */ = {isa = PBXFileReference; lastKnownFileType = sourcecode.swift; path = RecipePagesCreation.swift; sourceTree = "<group>"; };
		D757BDE62491101300E85FCC /* Modulo.storyboard */ = {isa = PBXFileReference; lastKnownFileType = file.storyboard; path = Modulo.storyboard; sourceTree = "<group>"; };
		D757BDE82491113900E85FCC /* ModuloViewController.swift */ = {isa = PBXFileReference; lastKnownFileType = sourcecode.swift; path = ModuloViewController.swift; sourceTree = "<group>"; };
		D757BDEA2491174A00E85FCC /* Modulo.swift */ = {isa = PBXFileReference; lastKnownFileType = sourcecode.swift; name = Modulo.swift; path = ChallengePuttingAllTogether/Controller/Modulo.swift; sourceTree = SOURCE_ROOT; };
		D757BDEC24911F0100E85FCC /* Preparacao.xib */ = {isa = PBXFileReference; lastKnownFileType = file.xib; path = Preparacao.xib; sourceTree = "<group>"; };
		D757BDEE2491704A00E85FCC /* PreparacaoCollectionViewCell.swift */ = {isa = PBXFileReference; lastKnownFileType = sourcecode.swift; path = PreparacaoCollectionViewCell.swift; sourceTree = "<group>"; };
		D757BDF024917A1A00E85FCC /* PrepCard.swift */ = {isa = PBXFileReference; lastKnownFileType = sourcecode.swift; path = PrepCard.swift; sourceTree = "<group>"; };
		D757BDF42493C2FE00E85FCC /* ReceitaModuloTableViewCell.swift */ = {isa = PBXFileReference; lastKnownFileType = sourcecode.swift; path = ReceitaModuloTableViewCell.swift; sourceTree = "<group>"; };
		D757BDF62497A16300E85FCC /* SectionPreparacaoTableViewCell.swift */ = {isa = PBXFileReference; lastKnownFileType = sourcecode.swift; path = SectionPreparacaoTableViewCell.swift; sourceTree = "<group>"; };
		D757BDFC249906B200E85FCC /* SectionReceita.xib */ = {isa = PBXFileReference; lastKnownFileType = file.xib; path = SectionReceita.xib; sourceTree = "<group>"; };
		D757BDFE2499089900E85FCC /* SectionReceitaTableViewCell.swift */ = {isa = PBXFileReference; lastKnownFileType = sourcecode.swift; path = SectionReceitaTableViewCell.swift; sourceTree = "<group>"; };
		D757BE02249A532B00E85FCC /* Colors.swift */ = {isa = PBXFileReference; lastKnownFileType = sourcecode.swift; path = Colors.swift; sourceTree = "<group>"; };
		D757BE06249BEE3800E85FCC /* Font.swift */ = {isa = PBXFileReference; lastKnownFileType = sourcecode.swift; path = Font.swift; sourceTree = "<group>"; };
		D757BE08249BF78800E85FCC /* SectionPreparacaoCell.xib */ = {isa = PBXFileReference; lastKnownFileType = file.xib; path = SectionPreparacaoCell.xib; sourceTree = "<group>"; };
		D757BE0A249C037100E85FCC /* receitaModuloCell.xib */ = {isa = PBXFileReference; lastKnownFileType = file.xib; path = receitaModuloCell.xib; sourceTree = "<group>"; };
/* End PBXFileReference section */

/* Begin PBXFrameworksBuildPhase section */
		198A680A248EC010006B5FCB /* Frameworks */ = {
			isa = PBXFrameworksBuildPhase;
			buildActionMask = 2147483647;
			files = (
			);
			runOnlyForDeploymentPostprocessing = 0;
		};
		198A6820248EC017006B5FCB /* Frameworks */ = {
			isa = PBXFrameworksBuildPhase;
			buildActionMask = 2147483647;
			files = (
			);
			runOnlyForDeploymentPostprocessing = 0;
		};
		198A682B248EC017006B5FCB /* Frameworks */ = {
			isa = PBXFrameworksBuildPhase;
			buildActionMask = 2147483647;
			files = (
			);
			runOnlyForDeploymentPostprocessing = 0;
		};
/* End PBXFrameworksBuildPhase section */

/* Begin PBXGroup section */
		198A6804248EC010006B5FCB = {
			isa = PBXGroup;
			children = (
				198A680F248EC010006B5FCB /* ChallengePuttingAllTogether */,
				198A6826248EC017006B5FCB /* ChallengePuttingAllTogetherTests */,
				198A6831248EC017006B5FCB /* ChallengePuttingAllTogetherUITests */,
				198A680E248EC010006B5FCB /* Products */,
			);
			sourceTree = "<group>";
		};
		198A680E248EC010006B5FCB /* Products */ = {
			isa = PBXGroup;
			children = (
				198A680D248EC010006B5FCB /* ChallengePuttingAllTogether.app */,
				198A6823248EC017006B5FCB /* ChallengePuttingAllTogetherTests.xctest */,
				198A682E248EC017006B5FCB /* ChallengePuttingAllTogetherUITests.xctest */,
			);
			name = Products;
			sourceTree = "<group>";
		};
		198A680F248EC010006B5FCB /* ChallengePuttingAllTogether */ = {
			isa = PBXGroup;
			children = (
				198A6810248EC010006B5FCB /* AppDelegate.swift */,
				198A6812248EC010006B5FCB /* SceneDelegate.swift */,
				198A6841248EC054006B5FCB /* Model */,
				198A6840248EC047006B5FCB /* View */,
				198A6842248EC068006B5FCB /* Controller */,
				198A681E248EC017006B5FCB /* Info.plist */,
			);
			path = ChallengePuttingAllTogether;
			sourceTree = "<group>";
		};
		198A6826248EC017006B5FCB /* ChallengePuttingAllTogetherTests */ = {
			isa = PBXGroup;
			children = (
				198A6827248EC017006B5FCB /* ChallengePuttingAllTogetherTests.swift */,
				198A6829248EC017006B5FCB /* Info.plist */,
			);
			path = ChallengePuttingAllTogetherTests;
			sourceTree = "<group>";
		};
		198A6831248EC017006B5FCB /* ChallengePuttingAllTogetherUITests */ = {
			isa = PBXGroup;
			children = (
				198A6832248EC017006B5FCB /* ChallengePuttingAllTogetherUITests.swift */,
				198A6834248EC017006B5FCB /* Info.plist */,
			);
			path = ChallengePuttingAllTogetherUITests;
			sourceTree = "<group>";
		};
		198A6840248EC047006B5FCB /* View */ = {
			isa = PBXGroup;
			children = (
				198A6819248EC017006B5FCB /* Assets.xcassets */,
				198A681B248EC017006B5FCB /* LaunchScreen.storyboard */,
				27EA9F1B2493B7B1001CF006 /* Chronometer.xib */,
				198A6843248EC3C8006B5FCB /* TabBar.storyboard */,
				198A6845248EC403006B5FCB /* Jornada.storyboard */,
				27C227EC2491168E00657E10 /* RecipeScreen.storyboard */,
				198A6847248EC459006B5FCB /* Conquistas.storyboard */,
				D757BDE62491101300E85FCC /* Modulo.storyboard */,
				D757BDEC24911F0100E85FCC /* Preparacao.xib */,
				199EF95D2493BC7F00E6D720 /* CardMenorCollectionViewCell.xib */,
				199EF9632494065C00E6D720 /* CardMaiorCollectionViewCell.xib */,
				199EF96924941C3F00E6D720 /* NiveisTableViewCell.xib */,
				194F77D924944E7A003980CE /* AlertaTableViewCell.xib */,
				272C7FCE2497A524009313B2 /* IngredientsRecipeScreen.storyboard */,
				19CB3D3424979EE300F8FB77 /* VerTodos.storyboard */,
				D757BDFC249906B200E85FCC /* SectionReceita.xib */,
				D757BE08249BF78800E85FCC /* SectionPreparacaoCell.xib */,
				D757BE0A249C037100E85FCC /* receitaModuloCell.xib */,
			);
			path = View;
			sourceTree = "<group>";
		};
		198A6841248EC054006B5FCB /* Model */ = {
			isa = PBXGroup;
			children = (
				27C227E82491104700657E10 /* Recipe.swift */,
				27C227EA2491132000657E10 /* Page.swift */,
				19B5DA6824912037006CF0FE /* ConquistasModel.swift */,
				D757BDEA2491174A00E85FCC /* Modulo.swift */,
				D757BDF024917A1A00E85FCC /* PrepCard.swift */,
				27BB99EF2497BCC300907B43 /* Ingredient.swift */,
				2722DE2D249A86CA00E8E173 /* Pontuation.swift */,
				D757BE02249A532B00E85FCC /* Colors.swift */,
				D757BE06249BEE3800E85FCC /* Font.swift */,
			);
			path = Model;
			sourceTree = "<group>";
		};
		198A6842248EC068006B5FCB /* Controller */ = {
			isa = PBXGroup;
			children = (
				27C227F424926E2400657E10 /* RecipePageExtension.swift */,
				27EA9F1F2493BF06001CF006 /* RecipePagesCreation.swift */,
				2722DE2B24997DD400E8E173 /* RecipePageViewController.swift */,
				27EA9F1D2493BC9A001CF006 /* ChronometerView.swift */,
				19B5DA6F249160EA006CF0FE /* ConquistasCollectionViewCell.swift */,
				195D797524925ECE00B585DC /* ConquistasViewController.swift */,
				D757BDE82491113900E85FCC /* ModuloViewController.swift */,
				D757BDEE2491704A00E85FCC /* PreparacaoCollectionViewCell.swift */,
				D757BDF42493C2FE00E85FCC /* ReceitaModuloTableViewCell.swift */,
				D757BDF62497A16300E85FCC /* SectionPreparacaoTableViewCell.swift */,
				194F77D524944C4D003980CE /* JornadaTableViewController.swift */,
				194F77D724944DC3003980CE /* AlertaTableViewCell.swift */,
				190804E124950D6400A46E63 /* NiveisTableViewCell.swift */,
				190804E3249510C900A46E63 /* CardMenorTableViewCell.swift */,
				190804E52495302200A46E63 /* CardMenorCollectionViewCell.swift */,
				190804E72495317900A46E63 /* CardMaiorCollectionViewCell.swift */,
				190804E9249531AF00A46E63 /* CardMaiorTableViewCell.swift */,
				272C7FD02497A92C009313B2 /* IngredientsRecipeController.swift */,
				272C7FD22497ADEC009313B2 /* ImageDescriptionCell.swift */,
				27B981842497B3CB003073B4 /* IngredientsTableViewController.swift */,
				19CB3D3624979F3B00F8FB77 /* VerTodosCollectionViewController.swift */,
				D757BDFE2499089900E85FCC /* SectionReceitaTableViewCell.swift */,
			);
			path = Controller;
			sourceTree = "<group>";
		};
/* End PBXGroup section */

/* Begin PBXNativeTarget section */
		198A680C248EC010006B5FCB /* ChallengePuttingAllTogether */ = {
			isa = PBXNativeTarget;
			buildConfigurationList = 198A6837248EC017006B5FCB /* Build configuration list for PBXNativeTarget "ChallengePuttingAllTogether" */;
			buildPhases = (
				198A6809248EC010006B5FCB /* Sources */,
				198A680A248EC010006B5FCB /* Frameworks */,
				198A680B248EC010006B5FCB /* Resources */,
			);
			buildRules = (
			);
			dependencies = (
			);
			name = ChallengePuttingAllTogether;
			productName = ChallengePuttingAllTogether;
			productReference = 198A680D248EC010006B5FCB /* ChallengePuttingAllTogether.app */;
			productType = "com.apple.product-type.application";
		};
		198A6822248EC017006B5FCB /* ChallengePuttingAllTogetherTests */ = {
			isa = PBXNativeTarget;
			buildConfigurationList = 198A683A248EC017006B5FCB /* Build configuration list for PBXNativeTarget "ChallengePuttingAllTogetherTests" */;
			buildPhases = (
				198A681F248EC017006B5FCB /* Sources */,
				198A6820248EC017006B5FCB /* Frameworks */,
				198A6821248EC017006B5FCB /* Resources */,
			);
			buildRules = (
			);
			dependencies = (
				198A6825248EC017006B5FCB /* PBXTargetDependency */,
			);
			name = ChallengePuttingAllTogetherTests;
			productName = ChallengePuttingAllTogetherTests;
			productReference = 198A6823248EC017006B5FCB /* ChallengePuttingAllTogetherTests.xctest */;
			productType = "com.apple.product-type.bundle.unit-test";
		};
		198A682D248EC017006B5FCB /* ChallengePuttingAllTogetherUITests */ = {
			isa = PBXNativeTarget;
			buildConfigurationList = 198A683D248EC017006B5FCB /* Build configuration list for PBXNativeTarget "ChallengePuttingAllTogetherUITests" */;
			buildPhases = (
				198A682A248EC017006B5FCB /* Sources */,
				198A682B248EC017006B5FCB /* Frameworks */,
				198A682C248EC017006B5FCB /* Resources */,
			);
			buildRules = (
			);
			dependencies = (
				198A6830248EC017006B5FCB /* PBXTargetDependency */,
			);
			name = ChallengePuttingAllTogetherUITests;
			productName = ChallengePuttingAllTogetherUITests;
			productReference = 198A682E248EC017006B5FCB /* ChallengePuttingAllTogetherUITests.xctest */;
			productType = "com.apple.product-type.bundle.ui-testing";
		};
/* End PBXNativeTarget section */

/* Begin PBXProject section */
		198A6805248EC010006B5FCB /* Project object */ = {
			isa = PBXProject;
			attributes = {
				LastSwiftUpdateCheck = 1140;
				LastUpgradeCheck = 1140;
				ORGANIZATIONNAME = "Lidiane Gomes Barbosa";
				TargetAttributes = {
					198A680C248EC010006B5FCB = {
						CreatedOnToolsVersion = 11.4.1;
					};
					198A6822248EC017006B5FCB = {
						CreatedOnToolsVersion = 11.4.1;
						TestTargetID = 198A680C248EC010006B5FCB;
					};
					198A682D248EC017006B5FCB = {
						CreatedOnToolsVersion = 11.4.1;
						TestTargetID = 198A680C248EC010006B5FCB;
					};
				};
			};
			buildConfigurationList = 198A6808248EC010006B5FCB /* Build configuration list for PBXProject "ChallengePuttingAllTogether" */;
			compatibilityVersion = "Xcode 9.3";
			developmentRegion = en;
			hasScannedForEncodings = 0;
			knownRegions = (
				en,
				Base,
			);
			mainGroup = 198A6804248EC010006B5FCB;
			productRefGroup = 198A680E248EC010006B5FCB /* Products */;
			projectDirPath = "";
			projectRoot = "";
			targets = (
				198A680C248EC010006B5FCB /* ChallengePuttingAllTogether */,
				198A6822248EC017006B5FCB /* ChallengePuttingAllTogetherTests */,
				198A682D248EC017006B5FCB /* ChallengePuttingAllTogetherUITests */,
			);
		};
/* End PBXProject section */

/* Begin PBXResourcesBuildPhase section */
		198A680B248EC010006B5FCB /* Resources */ = {
			isa = PBXResourcesBuildPhase;
			buildActionMask = 2147483647;
			files = (
				19CB3D3524979EE300F8FB77 /* VerTodos.storyboard in Resources */,
				272C7FCF2497A524009313B2 /* IngredientsRecipeScreen.storyboard in Resources */,
				D757BDED24911F0100E85FCC /* Preparacao.xib in Resources */,
				198A6846248EC403006B5FCB /* Jornada.storyboard in Resources */,
				199EF95E2493BC7F00E6D720 /* CardMenorCollectionViewCell.xib in Resources */,
				199EF96A24941C3F00E6D720 /* NiveisTableViewCell.xib in Resources */,
				D757BE0B249C037100E85FCC /* receitaModuloCell.xib in Resources */,
				194F77DA24944E7A003980CE /* AlertaTableViewCell.xib in Resources */,
				198A6844248EC3C8006B5FCB /* TabBar.storyboard in Resources */,
				D757BDE72491101300E85FCC /* Modulo.storyboard in Resources */,
				199EF9642494065C00E6D720 /* CardMaiorCollectionViewCell.xib in Resources */,
				198A681D248EC017006B5FCB /* LaunchScreen.storyboard in Resources */,
				D757BE09249BF78900E85FCC /* SectionPreparacaoCell.xib in Resources */,
				27EA9F1C2493B7B1001CF006 /* Chronometer.xib in Resources */,
				D757BDFD249906B200E85FCC /* SectionReceita.xib in Resources */,
				198A681A248EC017006B5FCB /* Assets.xcassets in Resources */,
				27C227ED2491168E00657E10 /* RecipeScreen.storyboard in Resources */,
				198A6848248EC45A006B5FCB /* Conquistas.storyboard in Resources */,
				198A6848248EC45A006B5FCB /* Conquistas.storyboard in Resources */,
			);
			runOnlyForDeploymentPostprocessing = 0;
		};
		198A6821248EC017006B5FCB /* Resources */ = {
			isa = PBXResourcesBuildPhase;
			buildActionMask = 2147483647;
			files = (
			);
			runOnlyForDeploymentPostprocessing = 0;
		};
		198A682C248EC017006B5FCB /* Resources */ = {
			isa = PBXResourcesBuildPhase;
			buildActionMask = 2147483647;
			files = (
			);
			runOnlyForDeploymentPostprocessing = 0;
		};
/* End PBXResourcesBuildPhase section */

/* Begin PBXSourcesBuildPhase section */
		198A6809248EC010006B5FCB /* Sources */ = {
			isa = PBXSourcesBuildPhase;
			buildActionMask = 2147483647;
			files = (
				D757BDF72497A16300E85FCC /* SectionPreparacaoTableViewCell.swift in Sources */,
				27EA9F1E2493BC9A001CF006 /* ChronometerView.swift in Sources */,
				D757BE07249BEE3800E85FCC /* Font.swift in Sources */,
				27EA9F202493BF06001CF006 /* RecipePagesCreation.swift in Sources */,
				D757BE03249A532B00E85FCC /* Colors.swift in Sources */,
				272C7FD32497ADEC009313B2 /* ImageDescriptionCell.swift in Sources */,
				190804E62495302200A46E63 /* CardMenorCollectionViewCell.swift in Sources */,
				D757BDF52493C2FE00E85FCC /* ReceitaModuloTableViewCell.swift in Sources */,
				D757BDE92491113900E85FCC /* ModuloViewController.swift in Sources */,
				194F77D824944DC3003980CE /* AlertaTableViewCell.swift in Sources */,
				198A6811248EC010006B5FCB /* AppDelegate.swift in Sources */,
				19B5DA70249160EA006CF0FE /* ConquistasCollectionViewCell.swift in Sources */,
				198A6813248EC010006B5FCB /* SceneDelegate.swift in Sources */,
				27C227E92491104700657E10 /* Recipe.swift in Sources */,
				D757BDFF2499089900E85FCC /* SectionReceitaTableViewCell.swift in Sources */,
				27C227F524926E2400657E10 /* RecipePageExtension.swift in Sources */,
				27C227EB2491132000657E10 /* Page.swift in Sources */,
				19B5DA6924912037006CF0FE /* ConquistasModel.swift in Sources */,
				272C7FD12497A92C009313B2 /* IngredientsRecipeController.swift in Sources */,
				195D797624925ECE00B585DC /* ConquistasViewController.swift in Sources */,
				D757BDEB2491174A00E85FCC /* Modulo.swift in Sources */,
				198A6813248EC010006B5FCB /* SceneDelegate.swift in Sources */,
				27BB99F02497BCC300907B43 /* Ingredient.swift in Sources */,
				19B5DA6924912037006CF0FE /* ConquistasModel.swift in Sources */,
				190804E4249510C900A46E63 /* CardMenorTableViewCell.swift in Sources */,
				2722DE2C24997DD500E8E173 /* RecipePageViewController.swift in Sources */,
				D757BDF124917A1A00E85FCC /* PrepCard.swift in Sources */,
				27B981852497B3CB003073B4 /* IngredientsTableViewController.swift in Sources */,
				190804E82495317900A46E63 /* CardMaiorCollectionViewCell.swift in Sources */,
				2722DE2E249A86CA00E8E173 /* Pontuation.swift in Sources */,
				D757BDEF2491704A00E85FCC /* PreparacaoCollectionViewCell.swift in Sources */,
				190804EA249531AF00A46E63 /* CardMaiorTableViewCell.swift in Sources */,
				194F77D624944C4D003980CE /* JornadaTableViewController.swift in Sources */,
				19CB3D3724979F3B00F8FB77 /* VerTodosCollectionViewController.swift in Sources */,
				190804E224950D6400A46E63 /* NiveisTableViewCell.swift in Sources */,
			);
			runOnlyForDeploymentPostprocessing = 0;
		};
		198A681F248EC017006B5FCB /* Sources */ = {
			isa = PBXSourcesBuildPhase;
			buildActionMask = 2147483647;
			files = (
				198A6828248EC017006B5FCB /* ChallengePuttingAllTogetherTests.swift in Sources */,
			);
			runOnlyForDeploymentPostprocessing = 0;
		};
		198A682A248EC017006B5FCB /* Sources */ = {
			isa = PBXSourcesBuildPhase;
			buildActionMask = 2147483647;
			files = (
				198A6833248EC017006B5FCB /* ChallengePuttingAllTogetherUITests.swift in Sources */,
			);
			runOnlyForDeploymentPostprocessing = 0;
		};
/* End PBXSourcesBuildPhase section */

/* Begin PBXTargetDependency section */
		198A6825248EC017006B5FCB /* PBXTargetDependency */ = {
			isa = PBXTargetDependency;
			target = 198A680C248EC010006B5FCB /* ChallengePuttingAllTogether */;
			targetProxy = 198A6824248EC017006B5FCB /* PBXContainerItemProxy */;
		};
		198A6830248EC017006B5FCB /* PBXTargetDependency */ = {
			isa = PBXTargetDependency;
			target = 198A680C248EC010006B5FCB /* ChallengePuttingAllTogether */;
			targetProxy = 198A682F248EC017006B5FCB /* PBXContainerItemProxy */;
		};
/* End PBXTargetDependency section */

/* Begin PBXVariantGroup section */
		198A681B248EC017006B5FCB /* LaunchScreen.storyboard */ = {
			isa = PBXVariantGroup;
			children = (
				198A681C248EC017006B5FCB /* Base */,
			);
			name = LaunchScreen.storyboard;
			sourceTree = "<group>";
		};
/* End PBXVariantGroup section */

/* Begin XCBuildConfiguration section */
		198A6835248EC017006B5FCB /* Debug */ = {
			isa = XCBuildConfiguration;
			buildSettings = {
				ALWAYS_SEARCH_USER_PATHS = NO;
				CLANG_ANALYZER_NONNULL = YES;
				CLANG_ANALYZER_NUMBER_OBJECT_CONVERSION = YES_AGGRESSIVE;
				CLANG_CXX_LANGUAGE_STANDARD = "gnu++14";
				CLANG_CXX_LIBRARY = "libc++";
				CLANG_ENABLE_MODULES = YES;
				CLANG_ENABLE_OBJC_ARC = YES;
				CLANG_ENABLE_OBJC_WEAK = YES;
				CLANG_WARN_BLOCK_CAPTURE_AUTORELEASING = YES;
				CLANG_WARN_BOOL_CONVERSION = YES;
				CLANG_WARN_COMMA = YES;
				CLANG_WARN_CONSTANT_CONVERSION = YES;
				CLANG_WARN_DEPRECATED_OBJC_IMPLEMENTATIONS = YES;
				CLANG_WARN_DIRECT_OBJC_ISA_USAGE = YES_ERROR;
				CLANG_WARN_DOCUMENTATION_COMMENTS = YES;
				CLANG_WARN_EMPTY_BODY = YES;
				CLANG_WARN_ENUM_CONVERSION = YES;
				CLANG_WARN_INFINITE_RECURSION = YES;
				CLANG_WARN_INT_CONVERSION = YES;
				CLANG_WARN_NON_LITERAL_NULL_CONVERSION = YES;
				CLANG_WARN_OBJC_IMPLICIT_RETAIN_SELF = YES;
				CLANG_WARN_OBJC_LITERAL_CONVERSION = YES;
				CLANG_WARN_OBJC_ROOT_CLASS = YES_ERROR;
				CLANG_WARN_RANGE_LOOP_ANALYSIS = YES;
				CLANG_WARN_STRICT_PROTOTYPES = YES;
				CLANG_WARN_SUSPICIOUS_MOVE = YES;
				CLANG_WARN_UNGUARDED_AVAILABILITY = YES_AGGRESSIVE;
				CLANG_WARN_UNREACHABLE_CODE = YES;
				CLANG_WARN__DUPLICATE_METHOD_MATCH = YES;
				COPY_PHASE_STRIP = NO;
				DEBUG_INFORMATION_FORMAT = dwarf;
				ENABLE_STRICT_OBJC_MSGSEND = YES;
				ENABLE_TESTABILITY = YES;
				GCC_C_LANGUAGE_STANDARD = gnu11;
				GCC_DYNAMIC_NO_PIC = NO;
				GCC_NO_COMMON_BLOCKS = YES;
				GCC_OPTIMIZATION_LEVEL = 0;
				GCC_PREPROCESSOR_DEFINITIONS = (
					"DEBUG=1",
					"$(inherited)",
				);
				GCC_WARN_64_TO_32_BIT_CONVERSION = YES;
				GCC_WARN_ABOUT_RETURN_TYPE = YES_ERROR;
				GCC_WARN_UNDECLARED_SELECTOR = YES;
				GCC_WARN_UNINITIALIZED_AUTOS = YES_AGGRESSIVE;
				GCC_WARN_UNUSED_FUNCTION = YES;
				GCC_WARN_UNUSED_VARIABLE = YES;
				IPHONEOS_DEPLOYMENT_TARGET = 13.4;
				MTL_ENABLE_DEBUG_INFO = INCLUDE_SOURCE;
				MTL_FAST_MATH = YES;
				ONLY_ACTIVE_ARCH = YES;
				SDKROOT = iphoneos;
				SWIFT_ACTIVE_COMPILATION_CONDITIONS = DEBUG;
				SWIFT_OPTIMIZATION_LEVEL = "-Onone";
			};
			name = Debug;
		};
		198A6836248EC017006B5FCB /* Release */ = {
			isa = XCBuildConfiguration;
			buildSettings = {
				ALWAYS_SEARCH_USER_PATHS = NO;
				CLANG_ANALYZER_NONNULL = YES;
				CLANG_ANALYZER_NUMBER_OBJECT_CONVERSION = YES_AGGRESSIVE;
				CLANG_CXX_LANGUAGE_STANDARD = "gnu++14";
				CLANG_CXX_LIBRARY = "libc++";
				CLANG_ENABLE_MODULES = YES;
				CLANG_ENABLE_OBJC_ARC = YES;
				CLANG_ENABLE_OBJC_WEAK = YES;
				CLANG_WARN_BLOCK_CAPTURE_AUTORELEASING = YES;
				CLANG_WARN_BOOL_CONVERSION = YES;
				CLANG_WARN_COMMA = YES;
				CLANG_WARN_CONSTANT_CONVERSION = YES;
				CLANG_WARN_DEPRECATED_OBJC_IMPLEMENTATIONS = YES;
				CLANG_WARN_DIRECT_OBJC_ISA_USAGE = YES_ERROR;
				CLANG_WARN_DOCUMENTATION_COMMENTS = YES;
				CLANG_WARN_EMPTY_BODY = YES;
				CLANG_WARN_ENUM_CONVERSION = YES;
				CLANG_WARN_INFINITE_RECURSION = YES;
				CLANG_WARN_INT_CONVERSION = YES;
				CLANG_WARN_NON_LITERAL_NULL_CONVERSION = YES;
				CLANG_WARN_OBJC_IMPLICIT_RETAIN_SELF = YES;
				CLANG_WARN_OBJC_LITERAL_CONVERSION = YES;
				CLANG_WARN_OBJC_ROOT_CLASS = YES_ERROR;
				CLANG_WARN_RANGE_LOOP_ANALYSIS = YES;
				CLANG_WARN_STRICT_PROTOTYPES = YES;
				CLANG_WARN_SUSPICIOUS_MOVE = YES;
				CLANG_WARN_UNGUARDED_AVAILABILITY = YES_AGGRESSIVE;
				CLANG_WARN_UNREACHABLE_CODE = YES;
				CLANG_WARN__DUPLICATE_METHOD_MATCH = YES;
				COPY_PHASE_STRIP = NO;
				DEBUG_INFORMATION_FORMAT = "dwarf-with-dsym";
				ENABLE_NS_ASSERTIONS = NO;
				ENABLE_STRICT_OBJC_MSGSEND = YES;
				GCC_C_LANGUAGE_STANDARD = gnu11;
				GCC_NO_COMMON_BLOCKS = YES;
				GCC_WARN_64_TO_32_BIT_CONVERSION = YES;
				GCC_WARN_ABOUT_RETURN_TYPE = YES_ERROR;
				GCC_WARN_UNDECLARED_SELECTOR = YES;
				GCC_WARN_UNINITIALIZED_AUTOS = YES_AGGRESSIVE;
				GCC_WARN_UNUSED_FUNCTION = YES;
				GCC_WARN_UNUSED_VARIABLE = YES;
				IPHONEOS_DEPLOYMENT_TARGET = 13.4;
				MTL_ENABLE_DEBUG_INFO = NO;
				MTL_FAST_MATH = YES;
				SDKROOT = iphoneos;
				SWIFT_COMPILATION_MODE = wholemodule;
				SWIFT_OPTIMIZATION_LEVEL = "-O";
				VALIDATE_PRODUCT = YES;
			};
			name = Release;
		};
		198A6838248EC017006B5FCB /* Debug */ = {
			isa = XCBuildConfiguration;
			buildSettings = {
				ASSETCATALOG_COMPILER_APPICON_NAME = AppIcon;
				CODE_SIGN_STYLE = Automatic;
				DEVELOPMENT_TEAM = "";
				INFOPLIST_FILE = ChallengePuttingAllTogether/Info.plist;
				LD_RUNPATH_SEARCH_PATHS = (
					"$(inherited)",
					"@executable_path/Frameworks",
				);
				PRODUCT_BUNDLE_IDENTIFIER = com.project.ChallengePuttingAllTogether;
				PRODUCT_NAME = "$(TARGET_NAME)";
				SWIFT_VERSION = 5.0;
				TARGETED_DEVICE_FAMILY = "1,2";
			};
			name = Debug;
		};
		198A6839248EC017006B5FCB /* Release */ = {
			isa = XCBuildConfiguration;
			buildSettings = {
				ASSETCATALOG_COMPILER_APPICON_NAME = AppIcon;
				CODE_SIGN_STYLE = Automatic;
				DEVELOPMENT_TEAM = "";
				INFOPLIST_FILE = ChallengePuttingAllTogether/Info.plist;
				LD_RUNPATH_SEARCH_PATHS = (
					"$(inherited)",
					"@executable_path/Frameworks",
				);
				PRODUCT_BUNDLE_IDENTIFIER = com.project.ChallengePuttingAllTogether;
				PRODUCT_NAME = "$(TARGET_NAME)";
				SWIFT_VERSION = 5.0;
				TARGETED_DEVICE_FAMILY = "1,2";
			};
			name = Release;
		};
		198A683B248EC017006B5FCB /* Debug */ = {
			isa = XCBuildConfiguration;
			buildSettings = {
				ALWAYS_EMBED_SWIFT_STANDARD_LIBRARIES = YES;
				BUNDLE_LOADER = "$(TEST_HOST)";
				CODE_SIGN_STYLE = Automatic;
				INFOPLIST_FILE = ChallengePuttingAllTogetherTests/Info.plist;
				IPHONEOS_DEPLOYMENT_TARGET = 13.4;
				LD_RUNPATH_SEARCH_PATHS = (
					"$(inherited)",
					"@executable_path/Frameworks",
					"@loader_path/Frameworks",
				);
				PRODUCT_BUNDLE_IDENTIFIER = com.project.ChallengePuttingAllTogetherTests;
				PRODUCT_NAME = "$(TARGET_NAME)";
				SWIFT_VERSION = 5.0;
				TARGETED_DEVICE_FAMILY = "1,2";
				TEST_HOST = "$(BUILT_PRODUCTS_DIR)/ChallengePuttingAllTogether.app/ChallengePuttingAllTogether";
			};
			name = Debug;
		};
		198A683C248EC017006B5FCB /* Release */ = {
			isa = XCBuildConfiguration;
			buildSettings = {
				ALWAYS_EMBED_SWIFT_STANDARD_LIBRARIES = YES;
				BUNDLE_LOADER = "$(TEST_HOST)";
				CODE_SIGN_STYLE = Automatic;
				INFOPLIST_FILE = ChallengePuttingAllTogetherTests/Info.plist;
				IPHONEOS_DEPLOYMENT_TARGET = 13.4;
				LD_RUNPATH_SEARCH_PATHS = (
					"$(inherited)",
					"@executable_path/Frameworks",
					"@loader_path/Frameworks",
				);
				PRODUCT_BUNDLE_IDENTIFIER = com.project.ChallengePuttingAllTogetherTests;
				PRODUCT_NAME = "$(TARGET_NAME)";
				SWIFT_VERSION = 5.0;
				TARGETED_DEVICE_FAMILY = "1,2";
				TEST_HOST = "$(BUILT_PRODUCTS_DIR)/ChallengePuttingAllTogether.app/ChallengePuttingAllTogether";
			};
			name = Release;
		};
		198A683E248EC017006B5FCB /* Debug */ = {
			isa = XCBuildConfiguration;
			buildSettings = {
				ALWAYS_EMBED_SWIFT_STANDARD_LIBRARIES = YES;
				CODE_SIGN_STYLE = Automatic;
				INFOPLIST_FILE = ChallengePuttingAllTogetherUITests/Info.plist;
				LD_RUNPATH_SEARCH_PATHS = (
					"$(inherited)",
					"@executable_path/Frameworks",
					"@loader_path/Frameworks",
				);
				PRODUCT_BUNDLE_IDENTIFIER = com.project.ChallengePuttingAllTogetherUITests;
				PRODUCT_NAME = "$(TARGET_NAME)";
				SWIFT_VERSION = 5.0;
				TARGETED_DEVICE_FAMILY = "1,2";
				TEST_TARGET_NAME = ChallengePuttingAllTogether;
			};
			name = Debug;
		};
		198A683F248EC017006B5FCB /* Release */ = {
			isa = XCBuildConfiguration;
			buildSettings = {
				ALWAYS_EMBED_SWIFT_STANDARD_LIBRARIES = YES;
				CODE_SIGN_STYLE = Automatic;
				INFOPLIST_FILE = ChallengePuttingAllTogetherUITests/Info.plist;
				LD_RUNPATH_SEARCH_PATHS = (
					"$(inherited)",
					"@executable_path/Frameworks",
					"@loader_path/Frameworks",
				);
				PRODUCT_BUNDLE_IDENTIFIER = com.project.ChallengePuttingAllTogetherUITests;
				PRODUCT_NAME = "$(TARGET_NAME)";
				SWIFT_VERSION = 5.0;
				TARGETED_DEVICE_FAMILY = "1,2";
				TEST_TARGET_NAME = ChallengePuttingAllTogether;
			};
			name = Release;
		};
/* End XCBuildConfiguration section */

/* Begin XCConfigurationList section */
		198A6808248EC010006B5FCB /* Build configuration list for PBXProject "ChallengePuttingAllTogether" */ = {
			isa = XCConfigurationList;
			buildConfigurations = (
				198A6835248EC017006B5FCB /* Debug */,
				198A6836248EC017006B5FCB /* Release */,
			);
			defaultConfigurationIsVisible = 0;
			defaultConfigurationName = Release;
		};
		198A6837248EC017006B5FCB /* Build configuration list for PBXNativeTarget "ChallengePuttingAllTogether" */ = {
			isa = XCConfigurationList;
			buildConfigurations = (
				198A6838248EC017006B5FCB /* Debug */,
				198A6839248EC017006B5FCB /* Release */,
			);
			defaultConfigurationIsVisible = 0;
			defaultConfigurationName = Release;
		};
		198A683A248EC017006B5FCB /* Build configuration list for PBXNativeTarget "ChallengePuttingAllTogetherTests" */ = {
			isa = XCConfigurationList;
			buildConfigurations = (
				198A683B248EC017006B5FCB /* Debug */,
				198A683C248EC017006B5FCB /* Release */,
			);
			defaultConfigurationIsVisible = 0;
			defaultConfigurationName = Release;
		};
		198A683D248EC017006B5FCB /* Build configuration list for PBXNativeTarget "ChallengePuttingAllTogetherUITests" */ = {
			isa = XCConfigurationList;
			buildConfigurations = (
				198A683E248EC017006B5FCB /* Debug */,
				198A683F248EC017006B5FCB /* Release */,
			);
			defaultConfigurationIsVisible = 0;
			defaultConfigurationName = Release;
		};
/* End XCConfigurationList section */
	};
	rootObject = 198A6805248EC010006B5FCB /* Project object */;
}
